Microsoft Visual Studio Solution File, Format Version 12.00
# Visual Studio Version 17
VisualStudioVersion = 17.5.2.0
MinimumVisualStudioVersion = 10.0.40219.1
Project("{FAE04EC0-301F-11D3-BF4B-00C04F79EFBC}") = "ejercicio19", "ejercicio19.csproj", "{965C282D-68F0-5E5E-BECC-AA81FEFDA488}"
EndProject
Global
	GlobalSection(SolutionConfigurationPlatforms) = preSolution
		Debug|Any CPU = Debug|Any CPU
		Release|Any CPU = Release|Any CPU
	EndGlobalSection
	GlobalSection(ProjectConfigurationPlatforms) = postSolution
		{965C282D-68F0-5E5E-BECC-AA81FEFDA488}.Debug|Any CPU.ActiveCfg = Debug|Any CPU
		{965C282D-68F0-5E5E-BECC-AA81FEFDA488}.Debug|Any CPU.Build.0 = Debug|Any CPU
		{965C282D-68F0-5E5E-BECC-AA81FEFDA488}.Release|Any CPU.ActiveCfg = Release|Any CPU
		{965C282D-68F0-5E5E-BECC-AA81FEFDA488}.Release|Any CPU.Build.0 = Release|Any CPU
	EndGlobalSection
	GlobalSection(SolutionProperties) = preSolution
		HideSolutionNode = FALSE
	EndGlobalSection
	GlobalSection(ExtensibilityGlobals) = postSolution
		SolutionGuid = {4FF86D5C-BC06-44CF-A33B-7D3C659ACB48}
	EndGlobalSection
EndGlobal
