Microsoft Visual Studio Solution File, Format Version 12.00
# Visual Studio Version 17
VisualStudioVersion = 17.5.2.0
MinimumVisualStudioVersion = 10.0.40219.1
Project("{FAE04EC0-301F-11D3-BF4B-00C04F79EFBC}") = "ejercicio36", "ejercicio36.csproj", "{76D1C7F4-0438-3EDC-0D8C-B696FB57B900}"
EndProject
Global
	GlobalSection(SolutionConfigurationPlatforms) = preSolution
		Debug|Any CPU = Debug|Any CPU
		Release|Any CPU = Release|Any CPU
	EndGlobalSection
	GlobalSection(ProjectConfigurationPlatforms) = postSolution
		{76D1C7F4-0438-3EDC-0D8C-B696FB57B900}.Debug|Any CPU.ActiveCfg = Debug|Any CPU
		{76D1C7F4-0438-3EDC-0D8C-B696FB57B900}.Debug|Any CPU.Build.0 = Debug|Any CPU
		{76D1C7F4-0438-3EDC-0D8C-B696FB57B900}.Release|Any CPU.ActiveCfg = Release|Any CPU
		{76D1C7F4-0438-3EDC-0D8C-B696FB57B900}.Release|Any CPU.Build.0 = Release|Any CPU
	EndGlobalSection
	GlobalSection(SolutionProperties) = preSolution
		HideSolutionNode = FALSE
	EndGlobalSection
	GlobalSection(ExtensibilityGlobals) = postSolution
		SolutionGuid = {F97E4EAD-0616-4FC9-80F6-42464D542B2A}
	EndGlobalSection
EndGlobal
