Microsoft Visual Studio Solution File, Format Version 12.00
# Visual Studio Version 17
VisualStudioVersion = 17.5.2.0
MinimumVisualStudioVersion = 10.0.40219.1
Project("{FAE04EC0-301F-11D3-BF4B-00C04F79EFBC}") = "ejercicio38", "ejercicio38.csproj", "{65E173EF-A67B-A210-CFAE-78A970686DCF}"
EndProject
Global
	GlobalSection(SolutionConfigurationPlatforms) = preSolution
		Debug|Any CPU = Debug|Any CPU
		Release|Any CPU = Release|Any CPU
	EndGlobalSection
	GlobalSection(ProjectConfigurationPlatforms) = postSolution
		{65E173EF-A67B-A210-CFAE-78A970686DCF}.Debug|Any CPU.ActiveCfg = Debug|Any CPU
		{65E173EF-A67B-A210-CFAE-78A970686DCF}.Debug|Any CPU.Build.0 = Debug|Any CPU
		{65E173EF-A67B-A210-CFAE-78A970686DCF}.Release|Any CPU.ActiveCfg = Release|Any CPU
		{65E173EF-A67B-A210-CFAE-78A970686DCF}.Release|Any CPU.Build.0 = Release|Any CPU
	EndGlobalSection
	GlobalSection(SolutionProperties) = preSolution
		HideSolutionNode = FALSE
	EndGlobalSection
	GlobalSection(ExtensibilityGlobals) = postSolution
		SolutionGuid = {3D3B7565-C508-4A91-92BC-E09828460E6A}
	EndGlobalSection
EndGlobal
