Microsoft Visual Studio Solution File, Format Version 12.00
# Visual Studio Version 17
VisualStudioVersion = 17.5.2.0
MinimumVisualStudioVersion = 10.0.40219.1
Project("{FAE04EC0-301F-11D3-BF4B-00C04F79EFBC}") = "ejercicio22", "ejercicio22.csproj", "{3799ED74-2C75-3BD2-E2DB-B55FB59C490F}"
EndProject
Global
	GlobalSection(SolutionConfigurationPlatforms) = preSolution
		Debug|Any CPU = Debug|Any CPU
		Release|Any CPU = Release|Any CPU
	EndGlobalSection
	GlobalSection(ProjectConfigurationPlatforms) = postSolution
		{3799ED74-2C75-3BD2-E2DB-B55FB59C490F}.Debug|Any CPU.ActiveCfg = Debug|Any CPU
		{3799ED74-2C75-3BD2-E2DB-B55FB59C490F}.Debug|Any CPU.Build.0 = Debug|Any CPU
		{3799ED74-2C75-3BD2-E2DB-B55FB59C490F}.Release|Any CPU.ActiveCfg = Release|Any CPU
		{3799ED74-2C75-3BD2-E2DB-B55FB59C490F}.Release|Any CPU.Build.0 = Release|Any CPU
	EndGlobalSection
	GlobalSection(SolutionProperties) = preSolution
		HideSolutionNode = FALSE
	EndGlobalSection
	GlobalSection(ExtensibilityGlobals) = postSolution
		SolutionGuid = {607D62C5-EBFF-420D-A593-DEEA3853BD82}
	EndGlobalSection
EndGlobal
