Microsoft Visual Studio Solution File, Format Version 12.00
# Visual Studio Version 17
VisualStudioVersion = 17.5.2.0
MinimumVisualStudioVersion = 10.0.40219.1
Project("{FAE04EC0-301F-11D3-BF4B-00C04F79EFBC}") = "ejercicio18", "ejercicio18.csproj", "{A51C929E-C356-2B97-2247-54926461E080}"
EndProject
Global
	GlobalSection(SolutionConfigurationPlatforms) = preSolution
		Debug|Any CPU = Debug|Any CPU
		Release|Any CPU = Release|Any CPU
	EndGlobalSection
	GlobalSection(ProjectConfigurationPlatforms) = postSolution
		{A51C929E-C356-2B97-2247-54926461E080}.Debug|Any CPU.ActiveCfg = Debug|Any CPU
		{A51C929E-C356-2B97-2247-54926461E080}.Debug|Any CPU.Build.0 = Debug|Any CPU
		{A51C929E-C356-2B97-2247-54926461E080}.Release|Any CPU.ActiveCfg = Release|Any CPU
		{A51C929E-C356-2B97-2247-54926461E080}.Release|Any CPU.Build.0 = Release|Any CPU
	EndGlobalSection
	GlobalSection(SolutionProperties) = preSolution
		HideSolutionNode = FALSE
	EndGlobalSection
	GlobalSection(ExtensibilityGlobals) = postSolution
		SolutionGuid = {0A5E51E8-9444-4048-8086-C6403AEDC06A}
	EndGlobalSection
EndGlobal
