Microsoft Visual Studio Solution File, Format Version 12.00
# Visual Studio Version 17
VisualStudioVersion = 17.5.2.0
MinimumVisualStudioVersion = 10.0.40219.1
Project("{FAE04EC0-301F-11D3-BF4B-00C04F79EFBC}") = "ejercicio24", "ejercicio24.csproj", "{CA2AAD5B-D37F-A8B3-5815-2680B6C62EA1}"
EndProject
Global
	GlobalSection(SolutionConfigurationPlatforms) = preSolution
		Debug|Any CPU = Debug|Any CPU
		Release|Any CPU = Release|Any CPU
	EndGlobalSection
	GlobalSection(ProjectConfigurationPlatforms) = postSolution
		{CA2AAD5B-D37F-A8B3-5815-2680B6C62EA1}.Debug|Any CPU.ActiveCfg = Debug|Any CPU
		{CA2AAD5B-D37F-A8B3-5815-2680B6C62EA1}.Debug|Any CPU.Build.0 = Debug|Any CPU
		{CA2AAD5B-D37F-A8B3-5815-2680B6C62EA1}.Release|Any CPU.ActiveCfg = Release|Any CPU
		{CA2AAD5B-D37F-A8B3-5815-2680B6C62EA1}.Release|Any CPU.Build.0 = Release|Any CPU
	EndGlobalSection
	GlobalSection(SolutionProperties) = preSolution
		HideSolutionNode = FALSE
	EndGlobalSection
	GlobalSection(ExtensibilityGlobals) = postSolution
		SolutionGuid = {DFBBC35B-C6CC-41D5-B489-BE8B0E7081F3}
	EndGlobalSection
EndGlobal
